{
  "nodes": {
    "nixpkgs": {
      "locked": {
        "lastModified": 1745377448,
        "narHash": "sha256-jhZDfXVKdD7TSEGgzFJQvEEZ2K65UMiqW5YJ2aIqxMA=",
        "owner": "nixos",
        "repo": "nixpkgs",
        "rev": "507b63021ada5fee621b6ca371c4fca9ca46f52c",
        "type": "github"
      },
      "original": {
        "owner": "nixos",
        "ref": "nixpkgs-unstable",
        "repo": "nixpkgs",
        "type": "github"
      }
    },
    "pnpm-environment": {
      "inputs": {
        "nixpkgs": [
          "nixpkgs"
        ]
      },
      "locked": {
        "dir": "pnpm",
        "lastModified": 1747151230,
        "narHash": "sha256-h7kGtqBGt59LHD87jAQBiUu1QWVZEUQNwRPS3eGOtd0=",
        "owner": "gabdumal",
        "repo": "environments",
        "rev": "a308af3a24cc876dba7255d18b1e2bbab92611e5",
        "type": "github"
      },
      "original": {
        "dir": "pnpm",
        "owner": "gabdumal",
        "repo": "environments",
        "type": "github"
      }
    },
    "root": {
      "inputs": {
        "nixpkgs": "nixpkgs",
        "pnpm-environment": "pnpm-environment"
      }
    }
  },
  "root": "root",
  "version": 7
}
